
Microsoft Visual Studio Solution File, Format Version 12.00
# Visual Studio 14
VisualStudioVersion = 14.0.23023.0
MinimumVisualStudioVersion = 10.0.40219.1
Project("{FAE04EC0-301F-11D3-BF4B-00C04F79EFBC}") = "Nest", "Nest\Nest.csproj", "{1670AB3B-F304-4BE8-88A0-9BABBEB1148A}"
EndProject
Project("{FAE04EC0-301F-11D3-BF4B-00C04F79EFBC}") = "Nest.Tests", "Nest.Tests\Nest.Tests.csproj", "{55896FFC-6373-4DC1-9916-863DEBDADA3D}"
EndProject
Project("{2150E333-8FDC-42A3-9474-1A3956D46DE8}") = ".nuget", ".nuget", "{6743F3B4-0EA6-40D7-873C-9BDB0FC5B986}"
	ProjectSection(SolutionItems) = preProject
		.nuget\packages.config = .nuget\packages.config
	EndProjectSection
EndProject
Global
	GlobalSection(SolutionConfigurationPlatforms) = preSolution
		Debug|Any CPU = Debug|Any CPU
		Release|Any CPU = Release|Any CPU
	EndGlobalSection
	GlobalSection(ProjectConfigurationPlatforms) = postSolution
		{1670AB3B-F304-4BE8-88A0-9BABBEB1148A}.Debug|Any CPU.ActiveCfg = Debug|Any CPU
		{1670AB3B-F304-4BE8-88A0-9BABBEB1148A}.Debug|Any CPU.Build.0 = Debug|Any CPU
		{1670AB3B-F304-4BE8-88A0-9BABBEB1148A}.Release|Any CPU.ActiveCfg = Release|Any CPU
		{1670AB3B-F304-4BE8-88A0-9BABBEB1148A}.Release|Any CPU.Build.0 = Release|Any CPU
		{55896FFC-6373-4DC1-9916-863DEBDADA3D}.Debug|Any CPU.ActiveCfg = Debug|Any CPU
		{55896FFC-6373-4DC1-9916-863DEBDADA3D}.Debug|Any CPU.Build.0 = Debug|Any CPU
		{55896FFC-6373-4DC1-9916-863DEBDADA3D}.Release|Any CPU.ActiveCfg = Release|Any CPU
		{55896FFC-6373-4DC1-9916-863DEBDADA3D}.Release|Any CPU.Build.0 = Release|Any CPU
	EndGlobalSection
	GlobalSection(SolutionProperties) = preSolution
		HideSolutionNode = FALSE
	EndGlobalSection
EndGlobal
